speakeasyVersion: 1.527.1
sources:
    Unkey API:
        sourceNamespace: unkey-api
        sourceRevisionDigest: sha256:18e88a99a35b022f4fa8aff9625054a11f3925fd921d1a440d84a25024fecc8e
        sourceBlobDigest: sha256:411d7a08cddea23554e812add92b683e49ce24e0ab269bd188bc98ffaf5763d9
        tags:
            - latest
            - speakeasy-sdk-regen-1743577103
            - 2.0.0
targets:
    unkey:
        source: Unkey API
        sourceNamespace: unkey-api
        sourceRevisionDigest: sha256:18e88a99a35b022f4fa8aff9625054a11f3925fd921d1a440d84a25024fecc8e
        sourceBlobDigest: sha256:411d7a08cddea23554e812add92b683e49ce24e0ab269bd188bc98ffaf5763d9
        codeSamplesNamespace: unkey-api-typescript-code-samples
        codeSamplesRevisionDigest: sha256:bd448cfc67388ab278f8ca23c08ee6b25f751ca633162a0d48c6a06851e30b57
workflow:
    workflowVersion: 1.0.0
    speakeasyVersion: latest
    sources:
        Unkey API:
            inputs:
                - location: https://raw.githubusercontent.com/unkeyed/unkey/refs/heads/main/go/apps/api/openapi/openapi.json
            overlays:
                - location: .speakeasy/speakeasy-modifications-overlay.yaml
            registry:
                location: registry.speakeasyapi.dev/unkey/unkey/unkey-api
    targets:
        unkey:
            target: typescript
            source: Unkey API
            publish:
                npm:
                    token: $npm_token
            codeSamples:
                registry:
                    location: registry.speakeasyapi.dev/unkey/unkey/unkey-api-typescript-code-samples
                labelOverride:
                    fixedValue: Typescript (SDK)
                blocking: false
