speakeasyVersion: 1.520.1
sources:
    Unkey API:
        sourceNamespace: unkey-api
        sourceRevisionDigest: sha256:4c11ade66dd941e0784dc9924a2642c339e1b4f4a42b2214abe9610311e4d599
        sourceBlobDigest: sha256:b198d56cd5285a04738cd1297d22e7798f70e693d296871c4b9a00cc108c2c87
        tags:
            - latest
            - speakeasy-sdk-regen-1742375755
            - 2.0.0
targets:
    unkey:
        source: Unkey API
        sourceNamespace: unkey-api
        sourceRevisionDigest: sha256:4c11ade66dd941e0784dc9924a2642c339e1b4f4a42b2214abe9610311e4d599
        sourceBlobDigest: sha256:b198d56cd5285a04738cd1297d22e7798f70e693d296871c4b9a00cc108c2c87
        codeSamplesNamespace: unkey-api-typescript-code-samples
        codeSamplesRevisionDigest: sha256:749267f87e3fcd6418700a57a7279b42b9958f720360576fcbd89c50bd9d6727
workflow:
    workflowVersion: 1.0.0
    speakeasyVersion: latest
    sources:
        Unkey API:
            inputs:
                - location: https://raw.githubusercontent.com/unkeyed/unkey/refs/heads/main/go/apps/api/openapi/openapi.json
            overlays:
                - location: .speakeasy/speakeasy-modifications-overlay.yaml
            registry:
                location: registry.speakeasyapi.dev/unkey/unkey/unkey-api
    targets:
        unkey:
            target: typescript
            source: Unkey API
            codeSamples:
                registry:
                    location: registry.speakeasyapi.dev/unkey/unkey/unkey-api-typescript-code-samples
                labelOverride:
                    fixedValue: Typescript (SDK)
                blocking: false
